
Microsoft Visual Studio Solution File, Format Version 12.00
# Visual Studio 15
VisualStudioVersion = 15.0.27428.2002
MinimumVisualStudioVersion = 10.0.40219.1
Project("{FAE04EC0-301F-11D3-BF4B-00C04F79EFBC}") = "ApiRisk", "ApiRisk\ApiRisk.csproj", "{73B5D29D-23AD-4740-B137-7ACA042B55A9}"
EndProject
Project("{FAE04EC0-301F-11D3-BF4B-00C04F79EFBC}") = "ApiRisk.Tests", "ApiRisk.Tests\ApiRisk.Tests.csproj", "{20A1B5FC-FF7D-4A82-B33C-2B91D0F4DB3F}"
EndProject
Project("{FAE04EC0-301F-11D3-BF4B-00C04F79EFBC}") = "UserDataAccess", "ClassLibrary1\UserDataAccess.csproj", "{AAE75DCE-C9AF-43DA-8C2B-DDA82C337EA1}"
EndProject
Global
	GlobalSection(SolutionConfigurationPlatforms) = preSolution
		Debug|Any CPU = Debug|Any CPU
		Release|Any CPU = Release|Any CPU
	EndGlobalSection
	GlobalSection(ProjectConfigurationPlatforms) = postSolution
		{73B5D29D-23AD-4740-B137-7ACA042B55A9}.Debug|Any CPU.ActiveCfg = Debug|Any CPU
		{73B5D29D-23AD-4740-B137-7ACA042B55A9}.Debug|Any CPU.Build.0 = Debug|Any CPU
		{73B5D29D-23AD-4740-B137-7ACA042B55A9}.Release|Any CPU.ActiveCfg = Release|Any CPU
		{73B5D29D-23AD-4740-B137-7ACA042B55A9}.Release|Any CPU.Build.0 = Release|Any CPU
		{20A1B5FC-FF7D-4A82-B33C-2B91D0F4DB3F}.Debug|Any CPU.ActiveCfg = Debug|Any CPU
		{20A1B5FC-FF7D-4A82-B33C-2B91D0F4DB3F}.Debug|Any CPU.Build.0 = Debug|Any CPU
		{20A1B5FC-FF7D-4A82-B33C-2B91D0F4DB3F}.Release|Any CPU.ActiveCfg = Release|Any CPU
		{20A1B5FC-FF7D-4A82-B33C-2B91D0F4DB3F}.Release|Any CPU.Build.0 = Release|Any CPU
		{AAE75DCE-C9AF-43DA-8C2B-DDA82C337EA1}.Debug|Any CPU.ActiveCfg = Debug|Any CPU
		{AAE75DCE-C9AF-43DA-8C2B-DDA82C337EA1}.Debug|Any CPU.Build.0 = Debug|Any CPU
		{AAE75DCE-C9AF-43DA-8C2B-DDA82C337EA1}.Release|Any CPU.ActiveCfg = Release|Any CPU
		{AAE75DCE-C9AF-43DA-8C2B-DDA82C337EA1}.Release|Any CPU.Build.0 = Release|Any CPU
	EndGlobalSection
	GlobalSection(SolutionProperties) = preSolution
		HideSolutionNode = FALSE
	EndGlobalSection
	GlobalSection(ExtensibilityGlobals) = postSolution
		SolutionGuid = {B717F7CF-31AB-431D-9613-D981E21D703C}
	EndGlobalSection
EndGlobal
